
Microsoft Visual Studio Solution File, Format Version 12.00
# Visual Studio Version 16
VisualStudioVersion = 16.0.32106.194
MinimumVisualStudioVersion = 10.0.40219.1
Project("{FAE04EC0-301F-11D3-BF4B-00C04F79EFBC}") = "CalcTest", "CalcTest\CalcTest.csproj", "{36975E87-9E93-44FD-829E-CDA71C126276}"
EndProject
Global
	GlobalSection(SolutionConfigurationPlatforms) = preSolution
		Debug|Any CPU = Debug|Any CPU
		Release|Any CPU = Release|Any CPU
	EndGlobalSection
	GlobalSection(ProjectConfigurationPlatforms) = postSolution
		{36975E87-9E93-44FD-829E-CDA71C126276}.Debug|Any CPU.ActiveCfg = Debug|Any CPU
		{36975E87-9E93-44FD-829E-CDA71C126276}.Debug|Any CPU.Build.0 = Debug|Any CPU
		{36975E87-9E93-44FD-829E-CDA71C126276}.Release|Any CPU.ActiveCfg = Release|Any CPU
		{36975E87-9E93-44FD-829E-CDA71C126276}.Release|Any CPU.Build.0 = Release|Any CPU
	EndGlobalSection
	GlobalSection(SolutionProperties) = preSolution
		HideSolutionNode = FALSE
	EndGlobalSection
	GlobalSection(ExtensibilityGlobals) = postSolution
		SolutionGuid = {E2CC8AE5-88D5-4868-8382-2C8E81EAC5AC}
	EndGlobalSection
EndGlobal
